
Microsoft Visual Studio Solution File, Format Version 12.00
# Visual Studio Version 17
VisualStudioVersion = 17.1.32421.90
MinimumVisualStudioVersion = 10.0.40219.1
Project("{FAE04EC0-301F-11D3-BF4B-00C04F79EFBC}") = "MinhaDemoMvc", "MinhaDemoMvc\MinhaDemoMvc.csproj", "{AF3AD5FA-80FA-4B54-8670-AFD43D1D75CC}"
EndProject
Global
	GlobalSection(SolutionConfigurationPlatforms) = preSolution
		Debug|Any CPU = Debug|Any CPU
		Release|Any CPU = Release|Any CPU
	EndGlobalSection
	GlobalSection(ProjectConfigurationPlatforms) = postSolution
		{AF3AD5FA-80FA-4B54-8670-AFD43D1D75CC}.Debug|Any CPU.ActiveCfg = Debug|Any CPU
		{AF3AD5FA-80FA-4B54-8670-AFD43D1D75CC}.Debug|Any CPU.Build.0 = Debug|Any CPU
		{AF3AD5FA-80FA-4B54-8670-AFD43D1D75CC}.Release|Any CPU.ActiveCfg = Release|Any CPU
		{AF3AD5FA-80FA-4B54-8670-AFD43D1D75CC}.Release|Any CPU.Build.0 = Release|Any CPU
	EndGlobalSection
	GlobalSection(SolutionProperties) = preSolution
		HideSolutionNode = FALSE
	EndGlobalSection
	GlobalSection(ExtensibilityGlobals) = postSolution
		SolutionGuid = {4944F591-14F3-497F-8032-5C046D3F0664}
	EndGlobalSection
EndGlobal
